{
  "name": "afiliaciones",
  "version": "0.1.1",
  "lockfileVersion": 1,
  "requires": true,
  "dependencies": {
    "aws-sdk": {
      "version": "2.2.48",
      "resolved": "https://registry.npmjs.org/aws-sdk/-/aws-sdk-2.2.48.tgz",
      "integrity": "sha1-jlCJmWZVT25b0OPilV6/2UGreGM="
    },
    "batch": {
      "version": "0.5.3",
      "resolved": "https://registry.npmjs.org/batch/-/batch-0.5.3.tgz",
      "integrity": "sha1-PzQU84AyF0O/wQQvmoP/HVgk1GQ="
    },
    "body-parser": {
      "version": "1.14.2",
      "resolved": "https://registry.npmjs.org/body-parser/-/body-parser-1.14.2.tgz",
      "integrity": "sha1-EBXLH+LEQ4WCWVgdtTMy+NDPUPk="
    },
    "browserify": {
      "version": "12.0.2",
      "resolved": "https://registry.npmjs.org/browserify/-/browserify-12.0.2.tgz",
      "integrity": "sha1-V/IeXm4wj/WYfE2v1EhAsrmPehk="
    },
    "change-case": {
      "version": "2.3.1",
      "resolved": "https://registry.npmjs.org/change-case/-/change-case-2.3.1.tgz",
      "integrity": "sha1-LE/ePwY7tB0AzWjg1aCdthy+iU8="
    },
    "commander": {
      "version": "2.9.0",
      "resolved": "https://registry.npmjs.org/commander/-/commander-2.9.0.tgz",
      "integrity": "sha1-nJkJQXbhIkDLItbFFGCYQA/g99Q="
    },
    "component-type": {
      "version": "1.2.1",
      "resolved": "https://registry.npmjs.org/component-type/-/component-type-1.2.1.tgz",
      "integrity": "sha1-ikeQFwAjjk/DIml3EjAibyS0Fak="
    },
    "cookie-parser": {
      "version": "1.4.3",
      "resolved": "https://registry.npmjs.org/cookie-parser/-/cookie-parser-1.4.3.tgz",
      "integrity": "sha1-D+MfoZ0AC5X0qt8fU/3CuKIDuqU="
    },
    "cookie-session": {
      "version": "1.2.0",
      "resolved": "https://registry.npmjs.org/cookie-session/-/cookie-session-1.2.0.tgz",
      "integrity": "sha1-nfK+uecjmY5w0eMf2jeyigvPN/8="
    },
    "dateformat": {
      "version": "1.0.12",
      "resolved": "https://registry.npmjs.org/dateformat/-/dateformat-1.0.12.tgz",
      "integrity": "sha1-nxJLZ1lMk3/3BpMuSmQsyo27/uk="
    },
    "debug": {
      "version": "2.2.0",
      "resolved": "https://registry.npmjs.org/debug/-/debug-2.2.0.tgz",
      "integrity": "sha1-+HBX6ZWxofauaklgZkE3vFbwOdo="
    },
    "democracyos-config": {
      "version": "0.1.1",
      "resolved": "https://registry.npmjs.org/democracyos-config/-/democracyos-config-0.1.1.tgz",
      "integrity": "sha1-j7caL4zgJ/6tOo9IynNITvBi1Lw="
    },
    "express": {
      "version": "4.13.4",
      "resolved": "https://registry.npmjs.org/express/-/express-4.13.4.tgz",
      "integrity": "sha1-PAt288d1kMg0VzkGHsC9O6Bn7CQ=",
      "dependencies": {
        "cookie": {
          "version": "0.1.5",
          "resolved": "https://registry.npmjs.org/cookie/-/cookie-0.1.5.tgz",
          "integrity": "sha1-armUiksa4hlSzSWIUwpHItQETXw="
        },
        "qs": {
          "version": "4.0.0",
          "resolved": "https://registry.npmjs.org/qs/-/qs-4.0.0.tgz",
          "integrity": "sha1-wx2bdOwn33XlQ6hseHKO2NRiNgc="
        }
      }
    },
    "express-certbot-endpoint": {
      "version": "1.0.0",
      "resolved": "https://registry.npmjs.org/express-certbot-endpoint/-/express-certbot-endpoint-1.0.0.tgz",
      "integrity": "sha1-2k+wZBrX3TnaIOLg1aaAoD+IMD0="
    },
    "express-form": {
      "version": "0.12.6",
      "resolved": "https://registry.npmjs.org/express-form/-/express-form-0.12.6.tgz",
      "integrity": "sha1-D7EEmr7Lp0fb/S6OGxpaIDlXFaw="
    },
    "express-handlebars": {
      "version": "2.0.1",
      "resolved": "https://registry.npmjs.org/express-handlebars/-/express-handlebars-2.0.1.tgz",
      "integrity": "sha1-l1Zh/+vW55RjIwukyODKXNBSL7E=",
      "dependencies": {
        "graceful-fs": {
          "version": "3.0.11",
          "resolved": "https://registry.npmjs.org/graceful-fs/-/graceful-fs-3.0.11.tgz",
          "integrity": "sha1-dhPHeKGv6mLyXGMKCG1/Osu92Bg="
        },
        "handlebars": {
          "version": "3.0.3",
          "resolved": "https://registry.npmjs.org/handlebars/-/handlebars-3.0.3.tgz",
          "integrity": "sha1-DgllGi8Ps8lJFgWDcQ1VH5Lm0q0="
        },
        "source-map": {
          "version": "0.1.43",
          "resolved": "https://registry.npmjs.org/source-map/-/source-map-0.1.43.tgz",
          "integrity": "sha1-wkvBRspRfBRx9drL4lcbK3+eM0Y="
        }
      }
    },
    "express-sslify": {
      "version": "1.1.0",
      "resolved": "https://registry.npmjs.org/express-sslify/-/express-sslify-1.1.0.tgz",
      "integrity": "sha1-XZ/c+URQLY3PDMSWh81eDg5/7i8="
    },
    "express-validator": {
      "version": "2.20.10",
      "resolved": "https://registry.npmjs.org/express-validator/-/express-validator-2.20.10.tgz",
      "integrity": "sha1-4GaBiQervmb6gd3I53va31A/MRQ=",
      "dependencies": {
        "lodash": {
          "version": "4.16.6",
          "resolved": "https://registry.npmjs.org/lodash/-/lodash-4.16.6.tgz",
          "integrity": "sha1-0iyaxmAojzhD4Wun0rXQbMon13c="
        },
        "validator": {
          "version": "5.7.0",
          "resolved": "https://registry.npmjs.org/validator/-/validator-5.7.0.tgz",
          "integrity": "sha1-eoelgUa2laxIYHEUHAxJ1n2gXlw="
        }
      }
    },
    "form-to-object": {
      "version": "5.0.0",
      "resolved": "https://registry.npmjs.org/form-to-object/-/form-to-object-5.0.0.tgz",
      "integrity": "sha1-zS3EXrpS6HuqLoOBFhPAYg9c1hc="
    },
    "handlebars": {
      "version": "4.0.10",
      "resolved": "https://registry.npmjs.org/handlebars/-/handlebars-4.0.10.tgz",
      "integrity": "sha1-PTDHGLCaPZbyPqTMH0A8TTup/08=",
      "dependencies": {
        "async": {
          "version": "1.5.2",
          "resolved": "https://registry.npmjs.org/async/-/async-1.5.2.tgz",
          "integrity": "sha1-7GphrlZIDAw8skHJVhjiCJL5Zyo="
        },
        "source-map": {
          "version": "0.4.4",
          "resolved": "https://registry.npmjs.org/source-map/-/source-map-0.4.4.tgz",
          "integrity": "sha1-66T12pwNyZneaAMti092FzZSA2s="
        },
        "uglify-js": {
          "version": "2.8.29",
          "resolved": "https://registry.npmjs.org/uglify-js/-/uglify-js-2.8.29.tgz",
          "integrity": "sha1-KcVzMUgFe7Th913zW3qcty5qWd0=",
          "dependencies": {
            "source-map": {
              "version": "0.5.6",
              "resolved": "https://registry.npmjs.org/source-map/-/source-map-0.5.6.tgz",
              "integrity": "sha1-dc449SvwczxafwwRjYEzSiu19BI="
            }
          }
        }
      }
    },
    "hbsfy": {
      "version": "2.4.1",
      "resolved": "https://registry.npmjs.org/hbsfy/-/hbsfy-2.4.1.tgz",
      "integrity": "sha1-qevc060Ck43BUP0sbFFBpgrVPC8=",
      "dependencies": {
        "xtend": {
          "version": "3.0.0",
          "resolved": "https://registry.npmjs.org/xtend/-/xtend-3.0.0.tgz",
          "integrity": "sha1-XM50B7r2Qsunvs2laBEcST9ZZlo="
        }
      }
    },
    "jquery": {
      "version": "2.1.4",
      "resolved": "https://registry.npmjs.org/jquery/-/jquery-2.1.4.tgz",
      "integrity": "sha1-IoveaYoMYUMdwmMKahVPFYkNIxc="
    },
    "mailchimp-api": {
      "version": "2.0.7",
      "resolved": "https://registry.npmjs.org/mailchimp-api/-/mailchimp-api-2.0.7.tgz",
      "integrity": "sha1-IKHkR2aF2mUsay7tb8zzjaGORvc="
    },
    "method-override": {
      "version": "2.3.9",
      "resolved": "https://registry.npmjs.org/method-override/-/method-override-2.3.9.tgz",
      "integrity": "sha1-vRUfLONM8Bp2ykAKuVwBKxAtj3E=",
      "dependencies": {
        "debug": {
          "version": "2.6.8",
          "resolved": "https://registry.npmjs.org/debug/-/debug-2.6.8.tgz",
          "integrity": "sha1-5zFTHKLt4n0YgiJCfaF4IdaP9Pw="
        },
        "ms": {
          "version": "2.0.0",
          "resolved": "https://registry.npmjs.org/ms/-/ms-2.0.0.tgz",
          "integrity": "sha1-VgiurfwAvmwpAd9fmGF4jeDVl8g="
        },
        "vary": {
          "version": "1.1.1",
          "resolved": "https://registry.npmjs.org/vary/-/vary-1.1.1.tgz",
          "integrity": "sha1-Z1Neu2lMHVIldFeYRmUyP1h+jTc="
        }
      }
    },
    "mime-types": {
      "version": "2.1.15",
      "resolved": "https://registry.npmjs.org/mime-types/-/mime-types-2.1.15.tgz",
      "integrity": "sha1-pOv1BkCUVpI3uM9wBGd20J/JKu0="
    },
    "mkdirp": {
      "version": "0.5.1",
      "resolved": "https://registry.npmjs.org/mkdirp/-/mkdirp-0.5.1.tgz",
      "integrity": "sha1-MAV0OOrGz3+MR2fzhkjWaX11yQM=",
      "dependencies": {
        "minimist": {
          "version": "0.0.8",
          "resolved": "https://registry.npmjs.org/minimist/-/minimist-0.0.8.tgz",
          "integrity": "sha1-hX/Kv8M5fSYluCKCYuhqp6ARsF0="
        }
      }
    },
    "moment": {
      "version": "2.10.6",
      "resolved": "https://registry.npmjs.org/moment/-/moment-2.10.6.tgz",
      "integrity": "sha1-bLIZZ8ecunsMpeZmRPFzZis++nc="
    },
    "mongoose": {
      "version": "4.3.7",
      "resolved": "https://registry.npmjs.org/mongoose/-/mongoose-4.3.7.tgz",
      "integrity": "sha1-QXi0aGEZZqq2kyoIp36L/ht2xfM=",
      "dependencies": {
        "async": {
          "version": "0.9.0",
          "resolved": "https://registry.npmjs.org/async/-/async-0.9.0.tgz",
          "integrity": "sha1-rDYTsdqb7RtHUQu0ZRuJMeRxRsc="
        }
      }
    },
    "mongoose-validators": {
      "version": "0.1.0",
      "resolved": "https://registry.npmjs.org/mongoose-validators/-/mongoose-validators-0.1.0.tgz",
      "integrity": "sha1-flyCnl1V/7ge8Zap3Xk71RBP90w=",
      "dependencies": {
        "validator": {
          "version": "3.16.0",
          "resolved": "https://registry.npmjs.org/validator/-/validator-3.16.0.tgz",
          "integrity": "sha1-7CxsOovl9+cIXLeeGxaB/FvSeEY="
        }
      }
    },
    "node-dev": {
      "version": "2.7.1",
      "resolved": "https://registry.npmjs.org/node-dev/-/node-dev-2.7.1.tgz",
      "integrity": "sha1-OcfLg1JWrHaf8KuMrBZr6szAMSo=",
      "dev": true
    },
    "nodemailer": {
      "version": "2.5.0",
      "resolved": "https://registry.npmjs.org/nodemailer/-/nodemailer-2.5.0.tgz",
      "integrity": "sha1-nLeCsEn01i4XAi3L50PDsHot5Vs="
    },
    "nodemailer-sendgrid-transport": {
      "version": "0.2.0",
      "resolved": "https://registry.npmjs.org/nodemailer-sendgrid-transport/-/nodemailer-sendgrid-transport-0.2.0.tgz",
      "integrity": "sha1-pRZZO/49HyeM/hcGDh2yNlio9Pw="
    },
    "notification": {
      "version": "0.0.6",
      "resolved": "https://registry.npmjs.org/notification/-/notification-0.0.6.tgz",
      "integrity": "sha1-ItGkpQifQFYyCbde4yGLnC2IzBE="
    },
    "npm-run-all": {
      "version": "1.5.3",
      "resolved": "https://registry.npmjs.org/npm-run-all/-/npm-run-all-1.5.3.tgz",
      "integrity": "sha1-SFYGRPBtMDL/ngut0FSkMN1m4VM="
    },
    "page": {
      "version": "1.6.4",
      "resolved": "https://registry.npmjs.org/page/-/page-1.6.4.tgz",
      "integrity": "sha1-+3QTJXJH2eBPArFvE4H2two3v1o=",
      "dependencies": {
        "path-to-regexp": {
          "version": "1.2.1",
          "resolved": "https://registry.npmjs.org/path-to-regexp/-/path-to-regexp-1.2.1.tgz",
          "integrity": "sha1-szcFwUAjTYc8hyHHuf2LVB7Tr/k="
        }
      }
    },
    "passport": {
      "version": "0.3.2",
      "resolved": "https://registry.npmjs.org/passport/-/passport-0.3.2.tgz",
      "integrity": "sha1-ndAJ+RXo/glbASSgG4+C2gdRAQI="
    },
    "passport-local": {
      "version": "1.0.0",
      "resolved": "https://registry.npmjs.org/passport-local/-/passport-local-1.0.0.tgz",
      "integrity": "sha1-H+YyaMkudWBmJkN+O5BmYsFbpu4="
    },
    "passport-local-mongoose": {
      "version": "3.1.0",
      "resolved": "https://registry.npmjs.org/passport-local-mongoose/-/passport-local-mongoose-3.1.0.tgz",
      "integrity": "sha1-najQt5KHDDhFAu6x99MONL/xQsY="
    },
    "pleeease-cli": {
      "version": "4.0.0",
      "resolved": "https://registry.npmjs.org/pleeease-cli/-/pleeease-cli-4.0.0.tgz",
      "integrity": "sha1-TWjey0xkW2OHras74J2PjURctv0=",
      "dependencies": {
        "commander": {
          "version": "2.6.0",
          "resolved": "https://registry.npmjs.org/commander/-/commander-2.6.0.tgz",
          "integrity": "sha1-nfflL7Kgyw+4kFjugMMQQiXzfh0="
        }
      }
    },
    "requires-port": {
      "version": "1.0.0",
      "resolved": "https://registry.npmjs.org/requires-port/-/requires-port-1.0.0.tgz",
      "integrity": "sha1-kl0mAdOaxIXgkc8NpcbmlNw9yv8="
    },
    "selectize": {
      "version": "0.12.4",
      "resolved": "https://registry.npmjs.org/selectize/-/selectize-0.12.4.tgz",
      "integrity": "sha1-UMaXUmtgneoR2hU89yUrmJSPTA4="
    },
    "standard": {
      "version": "5.4.1",
      "resolved": "https://registry.npmjs.org/standard/-/standard-5.4.1.tgz",
      "integrity": "sha1-LwE5ErJ5Tdswu6qJ3BP7OpkMxys=",
      "dev": true
    },
    "url-parse": {
      "version": "1.5.0",
      "resolved": "https://registry.npmjs.org/url-parse/-/url-parse-1.5.0.tgz",
      "integrity": "sha512-9iT6N4s93SMfzunOyDPe4vo4nLcSu1yq0IQK1gURmjm8tQNlM6loiuCRrKG1hHGXfB2EWd6H4cGi7tGdaygMFw==",
      "requires": {
        "querystringify": "^2.1.1",
        "requires-port": "^1.0.0"
      },
      "dependencies": {
        "querystringify": {
          "version": "2.2.0",
          "resolved": "https://registry.npmjs.org/querystringify/-/querystringify-2.2.0.tgz",
          "integrity": "sha512-FIqgj2EUvTa7R50u0rGsyTftzjYmv/a3hO345bZNrqabNqjtgiDMgmo4mkUjd+nzU5oF3dClKqFIPUKybUyqoQ=="
        }
      }
    },
    "watchify": {
      "version": "3.6.1",
      "resolved": "https://registry.npmjs.org/watchify/-/watchify-3.6.1.tgz",
      "integrity": "sha1-e1q12ZPFsAdLQfFg0GKns3/faeA="
    }
  }
}
